// !$*UTF8*$!
{
	archiveVersion = 1;
	classes = {
	};
	objectVersion = 50;
	objects = {

/* Begin PBXBuildFile section */
		371ED41124A2F6DF00CBE2B5 /* AppDelegate.m in Sources */ = {isa = PBXBuildFile; fileRef = 371ED41024A2F6DF00CBE2B5 /* AppDelegate.m */; };
		371ED41424A2F6DF00CBE2B5 /* SceneDelegate.m in Sources */ = {isa = PBXBuildFile; fileRef = 371ED41324A2F6DF00CBE2B5 /* SceneDelegate.m */; };
		371ED41724A2F6DF00CBE2B5 /* ViewController.m in Sources */ = {isa = PBXBuildFile; fileRef = 371ED41624A2F6DF00CBE2B5 /* ViewController.m */; };
		371ED41A24A2F6DF00CBE2B5 /* Main.storyboard in Resources */ = {isa = PBXBuildFile; fileRef = 371ED41824A2F6DF00CBE2B5 /* Main.storyboard */; };
		371ED41C24A2F6E100CBE2B5 /* Assets.xcassets in Resources */ = {isa = PBXBuildFile; fileRef = 371ED41B24A2F6E100CBE2B5 /* Assets.xcassets */; };
		371ED41F24A2F6E100CBE2B5 /* LaunchScreen.storyboard in Resources */ = {isa = PBXBuildFile; fileRef = 371ED41D24A2F6E100CBE2B5 /* LaunchScreen.storyboard */; };
		371ED42224A2F6E100CBE2B5 /* main.m in Sources */ = {isa = PBXBuildFile; fileRef = 371ED42124A2F6E100CBE2B5 /* main.m */; };
		371ED42C24A2F6E100CBE2B5 /* FFmpegTestDemoTests.m in Sources */ = {isa = PBXBuildFile; fileRef = 371ED42B24A2F6E100CBE2B5 /* FFmpegTestDemoTests.m */; };
		371ED43724A2F6E200CBE2B5 /* FFmpegTestDemoUITests.m in Sources */ = {isa = PBXBuildFile; fileRef = 371ED43624A2F6E200CBE2B5 /* FFmpegTestDemoUITests.m */; };
		371ED4C724A2F9B800CBE2B5 /* libavutil.a in Frameworks */ = {isa = PBXBuildFile; fileRef = 371ED4C024A2F9B800CBE2B5 /* libavutil.a */; };
		371ED4C824A2F9B900CBE2B5 /* libavfilter.a in Frameworks */ = {isa = PBXBuildFile; fileRef = 371ED4C124A2F9B800CBE2B5 /* libavfilter.a */; };
		371ED4C924A2F9B900CBE2B5 /* libavcodec.a in Frameworks */ = {isa = PBXBuildFile; fileRef = 371ED4C224A2F9B800CBE2B5 /* libavcodec.a */; };
		371ED4CA24A2F9B900CBE2B5 /* libavformat.a in Frameworks */ = {isa = PBXBuildFile; fileRef = 371ED4C324A2F9B800CBE2B5 /* libavformat.a */; };
		371ED4CB24A2F9B900CBE2B5 /* libavdevice.a in Frameworks */ = {isa = PBXBuildFile; fileRef = 371ED4C424A2F9B800CBE2B5 /* libavdevice.a */; };
		371ED4CC24A2F9B900CBE2B5 /* libswresample.a in Frameworks */ = {isa = PBXBuildFile; fileRef = 371ED4C524A2F9B800CBE2B5 /* libswresample.a */; };
		371ED4CD24A2F9B900CBE2B5 /* libswscale.a in Frameworks */ = {isa = PBXBuildFile; fileRef = 371ED4C624A2F9B800CBE2B5 /* libswscale.a */; };
		371ED4D024A2FAE200CBE2B5 /* CoreMedia.framework in Frameworks */ = {isa = PBXBuildFile; fileRef = 371ED4CF24A2FAE200CBE2B5 /* CoreMedia.framework */; };
		371ED4D224A2FAFC00CBE2B5 /* VideoToolbox.framework in Frameworks */ = {isa = PBXBuildFile; fileRef = 371ED4D124A2FAFC00CBE2B5 /* VideoToolbox.framework */; };
		371ED4D424A2FB0F00CBE2B5 /* CoreGraphics.framework in Frameworks */ = {isa = PBXBuildFile; fileRef = 371ED4D324A2FB0F00CBE2B5 /* CoreGraphics.framework */; };
		371ED4D624A2FB3100CBE2B5 /* AudioToolbox.framework in Frameworks */ = {isa = PBXBuildFile; fileRef = 371ED4D524A2FB3100CBE2B5 /* AudioToolbox.framework */; };
		371ED4D824A2FB4200CBE2B5 /* libiconv.tbd in Frameworks */ = {isa = PBXBuildFile; fileRef = 371ED4D724A2FB4200CBE2B5 /* libiconv.tbd */; };
		371ED4DA24A2FB4F00CBE2B5 /* libz.tbd in Frameworks */ = {isa = PBXBuildFile; fileRef = 371ED4D924A2FB4F00CBE2B5 /* libz.tbd */; };
		371ED4DC24A2FB5A00CBE2B5 /* libbz2.tbd in Frameworks */ = {isa = PBXBuildFile; fileRef = 371ED4DB24A2FB5A00CBE2B5 /* libbz2.tbd */; };
		371ED4E024A2FE7900CBE2B5 /* FFmpegTest.m in Sources */ = {isa = PBXBuildFile; fileRef = 371ED4DF24A2FE7900CBE2B5 /* FFmpegTest.m */; };
		371ED4E224A32DDF00CBE2B5 /* Test.mov in Resources */ = {isa = PBXBuildFile; fileRef = 371ED4E124A32DDF00CBE2B5 /* Test.mov */; };
		378C0BBE24A8C4250050C0E7 /* x264.pc in Resources */ = {isa = PBXBuildFile; fileRef = 378C0BBC24A8C4250050C0E7 /* x264.pc */; };
		378C0BBF24A8C4250050C0E7 /* libx264.a in Frameworks */ = {isa = PBXBuildFile; fileRef = 378C0BBD24A8C4250050C0E7 /* libx264.a */; };
		378C0BC124A8C4460050C0E7 /* Test.yuv in Resources */ = {isa = PBXBuildFile; fileRef = 378C0BC024A8C4450050C0E7 /* Test.yuv */; };
		378C0BD024A8E53C0050C0E7 /* fdk-aac.pc in Resources */ = {isa = PBXBuildFile; fileRef = 378C0BCD24A8E53C0050C0E7 /* fdk-aac.pc */; };
		378C0BD124A8E53C0050C0E7 /* libfdk-aac.a in Frameworks */ = {isa = PBXBuildFile; fileRef = 378C0BCE24A8E53C0050C0E7 /* libfdk-aac.a */; };
		378C0BD224A8E53C0050C0E7 /* libfdk-aac.la in Resources */ = {isa = PBXBuildFile; fileRef = 378C0BCF24A8E53C0050C0E7 /* libfdk-aac.la */; };
		37A6618D24A6ED33003D6D65 /* Video.bundle in Resources */ = {isa = PBXBuildFile; fileRef = 37A6618C24A6ED33003D6D65 /* Video.bundle */; };
/* End PBXBuildFile section */

/* Begin PBXContainerItemProxy section */
		371ED42824A2F6E100CBE2B5 /* PBXContainerItemProxy */ = {
			isa = PBXContainerItemProxy;
			containerPortal = 371ED40424A2F6DF00CBE2B5 /* Project object */;
			proxyType = 1;
			remoteGlobalIDString = 371ED40B24A2F6DF00CBE2B5;
			remoteInfo = FFmpegTestDemo;
		};
		371ED43324A2F6E200CBE2B5 /* PBXContainerItemProxy */ = {
			isa = PBXContainerItemProxy;
			containerPortal = 371ED40424A2F6DF00CBE2B5 /* Project object */;
			proxyType = 1;
			remoteGlobalIDString = 371ED40B24A2F6DF00CBE2B5;
			remoteInfo = FFmpegTestDemo;
		};
/* End PBXContainerItemProxy section */

/* Begin PBXFileReference section */
		371ED40C24A2F6DF00CBE2B5 /* FFmpegTestDemo.app */ = {isa = PBXFileReference; explicitFileType = wrapper.application; includeInIndex = 0; path = FFmpegTestDemo.app; sourceTree = BUILT_PRODUCTS_DIR; };
		371ED40F24A2F6DF00CBE2B5 /* AppDelegate.h */ = {isa = PBXFileReference; lastKnownFileType = sourcecode.c.h; path = AppDelegate.h; sourceTree = "<group>"; };
		371ED41024A2F6DF00CBE2B5 /* AppDelegate.m */ = {isa = PBXFileReference; lastKnownFileType = sourcecode.c.objc; path = AppDelegate.m; sourceTree = "<group>"; };
		371ED41224A2F6DF00CBE2B5 /* SceneDelegate.h */ = {isa = PBXFileReference; lastKnownFileType = sourcecode.c.h; path = SceneDelegate.h; sourceTree = "<group>"; };
		371ED41324A2F6DF00CBE2B5 /* SceneDelegate.m */ = {isa = PBXFileReference; lastKnownFileType = sourcecode.c.objc; path = SceneDelegate.m; sourceTree = "<group>"; };
		371ED41524A2F6DF00CBE2B5 /* ViewController.h */ = {isa = PBXFileReference; lastKnownFileType = sourcecode.c.h; path = ViewController.h; sourceTree = "<group>"; };
		371ED41624A2F6DF00CBE2B5 /* ViewController.m */ = {isa = PBXFileReference; lastKnownFileType = sourcecode.c.objc; path = ViewController.m; sourceTree = "<group>"; };
		371ED41924A2F6DF00CBE2B5 /* Base */ = {isa = PBXFileReference; lastKnownFileType = file.storyboard; name = Base; path = Base.lproj/Main.storyboard; sourceTree = "<group>"; };
		371ED41B24A2F6E100CBE2B5 /* Assets.xcassets */ = {isa = PBXFileReference; lastKnownFileType = folder.assetcatalog; path = Assets.xcassets; sourceTree = "<group>"; };
		371ED41E24A2F6E100CBE2B5 /* Base */ = {isa = PBXFileReference; lastKnownFileType = file.storyboard; name = Base; path = Base.lproj/LaunchScreen.storyboard; sourceTree = "<group>"; };
		371ED42024A2F6E100CBE2B5 /* Info.plist */ = {isa = PBXFileReference; lastKnownFileType = text.plist.xml; path = Info.plist; sourceTree = "<group>"; };
		371ED42124A2F6E100CBE2B5 /* main.m */ = {isa = PBXFileReference; lastKnownFileType = sourcecode.c.objc; path = main.m; sourceTree = "<group>"; };
		371ED42724A2F6E100CBE2B5 /* FFmpegTestDemoTests.xctest */ = {isa = PBXFileReference; explicitFileType = wrapper.cfbundle; includeInIndex = 0; path = FFmpegTestDemoTests.xctest; sourceTree = BUILT_PRODUCTS_DIR; };
		371ED42B24A2F6E100CBE2B5 /* FFmpegTestDemoTests.m */ = {isa = PBXFileReference; lastKnownFileType = sourcecode.c.objc; path = FFmpegTestDemoTests.m; sourceTree = "<group>"; };
		371ED42D24A2F6E100CBE2B5 /* Info.plist */ = {isa = PBXFileReference; lastKnownFileType = text.plist.xml; path = Info.plist; sourceTree = "<group>"; };
		371ED43224A2F6E200CBE2B5 /* FFmpegTestDemoUITests.xctest */ = {isa = PBXFileReference; explicitFileType = wrapper.cfbundle; includeInIndex = 0; path = FFmpegTestDemoUITests.xctest; sourceTree = BUILT_PRODUCTS_DIR; };
		371ED43624A2F6E200CBE2B5 /* FFmpegTestDemoUITests.m */ = {isa = PBXFileReference; lastKnownFileType = sourcecode.c.objc; path = FFmpegTestDemoUITests.m; sourceTree = "<group>"; };
		371ED43824A2F6E200CBE2B5 /* Info.plist */ = {isa = PBXFileReference; lastKnownFileType = text.plist.xml; path = Info.plist; sourceTree = "<group>"; };
		371ED44824A2F9B800CBE2B5 /* version.h */ = {isa = PBXFileReference; fileEncoding = 4; lastKnownFileType = sourcecode.c.h; path = version.h; sourceTree = "<group>"; };
		371ED44924A2F9B800CBE2B5 /* buffersrc.h */ = {isa = PBXFileReference; fileEncoding = 4; lastKnownFileType = sourcecode.c.h; path = buffersrc.h; sourceTree = "<group>"; };
		371ED44A24A2F9B800CBE2B5 /* buffersink.h */ = {isa = PBXFileReference; fileEncoding = 4; lastKnownFileType = sourcecode.c.h; path = buffersink.h; sourceTree = "<group>"; };
		371ED44B24A2F9B800CBE2B5 /* avfilter.h */ = {isa = PBXFileReference; fileEncoding = 4; lastKnownFileType = sourcecode.c.h; path = avfilter.h; sourceTree = "<group>"; };
		371ED44D24A2F9B800CBE2B5 /* hwcontext.h */ = {isa = PBXFileReference; fileEncoding = 4; lastKnownFileType = sourcecode.c.h; path = hwcontext.h; sourceTree = "<group>"; };
		371ED44E24A2F9B800CBE2B5 /* time.h */ = {isa = PBXFileReference; fileEncoding = 4; lastKnownFileType = sourcecode.c.h; path = time.h; sourceTree = "<group>"; };
		371ED44F24A2F9B800CBE2B5 /* hwcontext_cuda.h */ = {isa = PBXFileReference; fileEncoding = 4; lastKnownFileType = sourcecode.c.h; path = hwcontext_cuda.h; sourceTree = "<group>"; };
		371ED45024A2F9B800CBE2B5 /* intfloat.h */ = {isa = PBXFileReference; fileEncoding = 4; lastKnownFileType = sourcecode.c.h; path = intfloat.h; sourceTree = "<group>"; };
		371ED45124A2F9B800CBE2B5 /* error.h */ = {isa = PBXFileReference; fileEncoding = 4; lastKnownFileType = sourcecode.c.h; path = error.h; sourceTree = "<group>"; };
		371ED45224A2F9B800CBE2B5 /* fifo.h */ = {isa = PBXFileReference; fileEncoding = 4; lastKnownFileType = sourcecode.c.h; path = fifo.h; sourceTree = "<group>"; };
		371ED45324A2F9B800CBE2B5 /* blowfish.h */ = {isa = PBXFileReference; fileEncoding = 4; lastKnownFileType = sourcecode.c.h; path = blowfish.h; sourceTree = "<group>"; };
		371ED45424A2F9B800CBE2B5 /* hwcontext_mediacodec.h */ = {isa = PBXFileReference; fileEncoding = 4; lastKnownFileType = sourcecode.c.h; path = hwcontext_mediacodec.h; sourceTree = "<group>"; };
		371ED45524A2F9B800CBE2B5 /* replaygain.h */ = {isa = PBXFileReference; fileEncoding = 4; lastKnownFileType = sourcecode.c.h; path = replaygain.h; sourceTree = "<group>"; };
		371ED45624A2F9B800CBE2B5 /* version.h */ = {isa = PBXFileReference; fileEncoding = 4; lastKnownFileType = sourcecode.c.h; path = version.h; sourceTree = "<group>"; };
		371ED45724A2F9B800CBE2B5 /* murmur3.h */ = {isa = PBXFileReference; fileEncoding = 4; lastKnownFileType = sourcecode.c.h; path = murmur3.h; sourceTree = "<group>"; };
		371ED45824A2F9B800CBE2B5 /* stereo3d.h */ = {isa = PBXFileReference; fileEncoding = 4; lastKnownFileType = sourcecode.c.h; path = stereo3d.h; sourceTree = "<group>"; };
		371ED45924A2F9B800CBE2B5 /* samplefmt.h */ = {isa = PBXFileReference; fileEncoding = 4; lastKnownFileType = sourcecode.c.h; path = samplefmt.h; sourceTree = "<group>"; };
		371ED45A24A2F9B800CBE2B5 /* pixdesc.h */ = {isa = PBXFileReference; fileEncoding = 4; lastKnownFileType = sourcecode.c.h; path = pixdesc.h; sourceTree = "<group>"; };
		371ED45B24A2F9B800CBE2B5 /* base64.h */ = {isa = PBXFileReference; fileEncoding = 4; lastKnownFileType = sourcecode.c.h; path = base64.h; sourceTree = "<group>"; };
		371ED45C24A2F9B800CBE2B5 /* rational.h */ = {isa = PBXFileReference; fileEncoding = 4; lastKnownFileType = sourcecode.c.h; path = rational.h; sourceTree = "<group>"; };
		371ED45D24A2F9B800CBE2B5 /* sha.h */ = {isa = PBXFileReference; fileEncoding = 4; lastKnownFileType = sourcecode.c.h; path = sha.h; sourceTree = "<group>"; };
		371ED45E24A2F9B800CBE2B5 /* motion_vector.h */ = {isa = PBXFileReference; fileEncoding = 4; lastKnownFileType = sourcecode.c.h; path = motion_vector.h; sourceTree = "<group>"; };
		371ED45F24A2F9B800CBE2B5 /* avconfig.h */ = {isa = PBXFileReference; fileEncoding = 4; lastKnownFileType = sourcecode.c.h; path = avconfig.h; sourceTree = "<group>"; };
		371ED46024A2F9B800CBE2B5 /* lfg.h */ = {isa = PBXFileReference; fileEncoding = 4; lastKnownFileType = sourcecode.c.h; path = lfg.h; sourceTree = "<group>"; };
		371ED46124A2F9B800CBE2B5 /* avutil.h */ = {isa = PBXFileReference; fileEncoding = 4; lastKnownFileType = sourcecode.c.h; path = avutil.h; sourceTree = "<group>"; };
		371ED46224A2F9B800CBE2B5 /* xtea.h */ = {isa = PBXFileReference; fileEncoding = 4; lastKnownFileType = sourcecode.c.h; path = xtea.h; sourceTree = "<group>"; };
		371ED46324A2F9B800CBE2B5 /* crc.h */ = {isa = PBXFileReference; fileEncoding = 4; lastKnownFileType = sourcecode.c.h; path = crc.h; sourceTree = "<group>"; };
		371ED46424A2F9B800CBE2B5 /* hwcontext_vdpau.h */ = {isa = PBXFileReference; fileEncoding = 4; lastKnownFileType = sourcecode.c.h; path = hwcontext_vdpau.h; sourceTree = "<group>"; };
		371ED46524A2F9B800CBE2B5 /* frame.h */ = {isa = PBXFileReference; fileEncoding = 4; lastKnownFileType = sourcecode.c.h; path = frame.h; sourceTree = "<group>"; };
		371ED46624A2F9B800CBE2B5 /* file.h */ = {isa = PBXFileReference; fileEncoding = 4; lastKnownFileType = sourcecode.c.h; path = file.h; sourceTree = "<group>"; };
		371ED46724A2F9B800CBE2B5 /* md5.h */ = {isa = PBXFileReference; fileEncoding = 4; lastKnownFileType = sourcecode.c.h; path = md5.h; sourceTree = "<group>"; };
		371ED46824A2F9B800CBE2B5 /* cast5.h */ = {isa = PBXFileReference; fileEncoding = 4; lastKnownFileType = sourcecode.c.h; path = cast5.h; sourceTree = "<group>"; };
		371ED46924A2F9B800CBE2B5 /* hwcontext_vaapi.h */ = {isa = PBXFileReference; fileEncoding = 4; lastKnownFileType = sourcecode.c.h; path = hwcontext_vaapi.h; sourceTree = "<group>"; };
		371ED46A24A2F9B800CBE2B5 /* spherical.h */ = {isa = PBXFileReference; fileEncoding = 4; lastKnownFileType = sourcecode.c.h; path = spherical.h; sourceTree = "<group>"; };
		371ED46B24A2F9B800CBE2B5 /* ffversion.h */ = {isa = PBXFileReference; fileEncoding = 4; lastKnownFileType = sourcecode.c.h; path = ffversion.h; sourceTree = "<group>"; };
		371ED46C24A2F9B800CBE2B5 /* audio_fifo.h */ = {isa = PBXFileReference; fileEncoding = 4; lastKnownFileType = sourcecode.c.h; path = audio_fifo.h; sourceTree = "<group>"; };
		371ED46D24A2F9B800CBE2B5 /* tree.h */ = {isa = PBXFileReference; fileEncoding = 4; lastKnownFileType = sourcecode.c.h; path = tree.h; sourceTree = "<group>"; };
		371ED46E24A2F9B800CBE2B5 /* threadmessage.h */ = {isa = PBXFileReference; fileEncoding = 4; lastKnownFileType = sourcecode.c.h; path = threadmessage.h; sourceTree = "<group>"; };
		371ED46F24A2F9B800CBE2B5 /* attributes.h */ = {isa = PBXFileReference; fileEncoding = 4; lastKnownFileType = sourcecode.c.h; path = attributes.h; sourceTree = "<group>"; };
		371ED47024A2F9B800CBE2B5 /* adler32.h */ = {isa = PBXFileReference; fileEncoding = 4; lastKnownFileType = sourcecode.c.h; path = adler32.h; sourceTree = "<group>"; };
		371ED47124A2F9B800CBE2B5 /* hwcontext_d3d11va.h */ = {isa = PBXFileReference; fileEncoding = 4; lastKnownFileType = sourcecode.c.h; path = hwcontext_d3d11va.h; sourceTree = "<group>"; };
		371ED47224A2F9B800CBE2B5 /* timecode.h */ = {isa = PBXFileReference; fileEncoding = 4; lastKnownFileType = sourcecode.c.h; path = timecode.h; sourceTree = "<group>"; };
		371ED47324A2F9B800CBE2B5 /* tx.h */ = {isa = PBXFileReference; fileEncoding = 4; lastKnownFileType = sourcecode.c.h; path = tx.h; sourceTree = "<group>"; };
		371ED47424A2F9B800CBE2B5 /* sha512.h */ = {isa = PBXFileReference; fileEncoding = 4; lastKnownFileType = sourcecode.c.h; path = sha512.h; sourceTree = "<group>"; };
		371ED47524A2F9B800CBE2B5 /* hwcontext_dxva2.h */ = {isa = PBXFileReference; fileEncoding = 4; lastKnownFileType = sourcecode.c.h; path = hwcontext_dxva2.h; sourceTree = "<group>"; };
		371ED47624A2F9B800CBE2B5 /* display.h */ = {isa = PBXFileReference; fileEncoding = 4; lastKnownFileType = sourcecode.c.h; path = display.h; sourceTree = "<group>"; };
		371ED47724A2F9B800CBE2B5 /* buffer.h */ = {isa = PBXFileReference; fileEncoding = 4; lastKnownFileType = sourcecode.c.h; path = buffer.h; sourceTree = "<group>"; };
		371ED47824A2F9B800CBE2B5 /* camellia.h */ = {isa = PBXFileReference; fileEncoding = 4; lastKnownFileType = sourcecode.c.h; path = camellia.h; sourceTree = "<group>"; };
		371ED47924A2F9B800CBE2B5 /* pixelutils.h */ = {isa = PBXFileReference; fileEncoding = 4; lastKnownFileType = sourcecode.c.h; path = pixelutils.h; sourceTree = "<group>"; };
		371ED47A24A2F9B800CBE2B5 /* hwcontext_drm.h */ = {isa = PBXFileReference; fileEncoding = 4; lastKnownFileType = sourcecode.c.h; path = hwcontext_drm.h; sourceTree = "<group>"; };
		371ED47B24A2F9B800CBE2B5 /* common.h */ = {isa = PBXFileReference; fileEncoding = 4; lastKnownFileType = sourcecode.c.h; path = common.h; sourceTree = "<group>"; };
		371ED47C24A2F9B800CBE2B5 /* hmac.h */ = {isa = PBXFileReference; fileEncoding = 4; lastKnownFileType = sourcecode.c.h; path = hmac.h; sourceTree = "<group>"; };
		371ED47D24A2F9B800CBE2B5 /* eval.h */ = {isa = PBXFileReference; fileEncoding = 4; lastKnownFileType = sourcecode.c.h; path = eval.h; sourceTree = "<group>"; };
		371ED47E24A2F9B800CBE2B5 /* dict.h */ = {isa = PBXFileReference; fileEncoding = 4; lastKnownFileType = sourcecode.c.h; path = dict.h; sourceTree = "<group>"; };
		371ED47F24A2F9B800CBE2B5 /* random_seed.h */ = {isa = PBXFileReference; fileEncoding = 4; lastKnownFileType = sourcecode.c.h; path = random_seed.h; sourceTree = "<group>"; };
		371ED48024A2F9B800CBE2B5 /* opt.h */ = {isa = PBXFileReference; fileEncoding = 4; lastKnownFileType = sourcecode.c.h; path = opt.h; sourceTree = "<group>"; };
		371ED48124A2F9B800CBE2B5 /* mastering_display_metadata.h */ = {isa = PBXFileReference; fileEncoding = 4; lastKnownFileType = sourcecode.c.h; path = mastering_display_metadata.h; sourceTree = "<group>"; };
		371ED48224A2F9B800CBE2B5 /* log.h */ = {isa = PBXFileReference; fileEncoding = 4; lastKnownFileType = sourcecode.c.h; path = log.h; sourceTree = "<group>"; };
		371ED48324A2F9B800CBE2B5 /* aes.h */ = {isa = PBXFileReference; fileEncoding = 4; lastKnownFileType = sourcecode.c.h; path = aes.h; sourceTree = "<group>"; };
		371ED48424A2F9B800CBE2B5 /* macros.h */ = {isa = PBXFileReference; fileEncoding = 4; lastKnownFileType = sourcecode.c.h; path = macros.h; sourceTree = "<group>"; };
		371ED48524A2F9B800CBE2B5 /* bswap.h */ = {isa = PBXFileReference; fileEncoding = 4; lastKnownFileType = sourcecode.c.h; path = bswap.h; sourceTree = "<group>"; };
		371ED48624A2F9B800CBE2B5 /* rc4.h */ = {isa = PBXFileReference; fileEncoding = 4; lastKnownFileType = sourcecode.c.h; path = rc4.h; sourceTree = "<group>"; };
		371ED48724A2F9B800CBE2B5 /* tea.h */ = {isa = PBXFileReference; fileEncoding = 4; lastKnownFileType = sourcecode.c.h; path = tea.h; sourceTree = "<group>"; };
		371ED48824A2F9B800CBE2B5 /* cpu.h */ = {isa = PBXFileReference; fileEncoding = 4; lastKnownFileType = sourcecode.c.h; path = cpu.h; sourceTree = "<group>"; };
		371ED48924A2F9B800CBE2B5 /* lzo.h */ = {isa = PBXFileReference; fileEncoding = 4; lastKnownFileType = sourcecode.c.h; path = lzo.h; sourceTree = "<group>"; };
		371ED48A24A2F9B800CBE2B5 /* des.h */ = {isa = PBXFileReference; fileEncoding = 4; lastKnownFileType = sourcecode.c.h; path = des.h; sourceTree = "<group>"; };
		371ED48B24A2F9B800CBE2B5 /* channel_layout.h */ = {isa = PBXFileReference; fileEncoding = 4; lastKnownFileType = sourcecode.c.h; path = channel_layout.h; sourceTree = "<group>"; };
		371ED48C24A2F9B800CBE2B5 /* encryption_info.h */ = {isa = PBXFileReference; fileEncoding = 4; lastKnownFileType = sourcecode.c.h; path = encryption_info.h; sourceTree = "<group>"; };
		371ED48D24A2F9B800CBE2B5 /* twofish.h */ = {isa = PBXFileReference; fileEncoding = 4; lastKnownFileType = sourcecode.c.h; path = twofish.h; sourceTree = "<group>"; };
		371ED48E24A2F9B800CBE2B5 /* imgutils.h */ = {isa = PBXFileReference; fileEncoding = 4; lastKnownFileType = sourcecode.c.h; path = imgutils.h; sourceTree = "<group>"; };
		371ED48F24A2F9B800CBE2B5 /* hwcontext_videotoolbox.h */ = {isa = PBXFileReference; fileEncoding = 4; lastKnownFileType = sourcecode.c.h; path = hwcontext_videotoolbox.h; sourceTree = "<group>"; };
		371ED49024A2F9B800CBE2B5 /* mem.h */ = {isa = PBXFileReference; fileEncoding = 4; lastKnownFileType = sourcecode.c.h; path = mem.h; sourceTree = "<group>"; };
		371ED49124A2F9B800CBE2B5 /* parseutils.h */ = {isa = PBXFileReference; fileEncoding = 4; lastKnownFileType = sourcecode.c.h; path = parseutils.h; sourceTree = "<group>"; };
		371ED49224A2F9B800CBE2B5 /* ripemd.h */ = {isa = PBXFileReference; fileEncoding = 4; lastKnownFileType = sourcecode.c.h; path = ripemd.h; sourceTree = "<group>"; };
		371ED49324A2F9B800CBE2B5 /* bprint.h */ = {isa = PBXFileReference; fileEncoding = 4; lastKnownFileType = sourcecode.c.h; path = bprint.h; sourceTree = "<group>"; };
		371ED49424A2F9B800CBE2B5 /* hdr_dynamic_metadata.h */ = {isa = PBXFileReference; fileEncoding = 4; lastKnownFileType = sourcecode.c.h; path = hdr_dynamic_metadata.h; sourceTree = "<group>"; };
		371ED49524A2F9B800CBE2B5 /* hwcontext_qsv.h */ = {isa = PBXFileReference; fileEncoding = 4; lastKnownFileType = sourcecode.c.h; path = hwcontext_qsv.h; sourceTree = "<group>"; };
		371ED49624A2F9B800CBE2B5 /* pixfmt.h */ = {isa = PBXFileReference; fileEncoding = 4; lastKnownFileType = sourcecode.c.h; path = pixfmt.h; sourceTree = "<group>"; };
		371ED49724A2F9B800CBE2B5 /* aes_ctr.h */ = {isa = PBXFileReference; fileEncoding = 4; lastKnownFileType = sourcecode.c.h; path = aes_ctr.h; sourceTree = "<group>"; };
		371ED49824A2F9B800CBE2B5 /* timestamp.h */ = {isa = PBXFileReference; fileEncoding = 4; lastKnownFileType = sourcecode.c.h; path = timestamp.h; sourceTree = "<group>"; };
		371ED49924A2F9B800CBE2B5 /* downmix_info.h */ = {isa = PBXFileReference; fileEncoding = 4; lastKnownFileType = sourcecode.c.h; path = downmix_info.h; sourceTree = "<group>"; };
		371ED49A24A2F9B800CBE2B5 /* avassert.h */ = {isa = PBXFileReference; fileEncoding = 4; lastKnownFileType = sourcecode.c.h; path = avassert.h; sourceTree = "<group>"; };
		371ED49B24A2F9B800CBE2B5 /* hash.h */ = {isa = PBXFileReference; fileEncoding = 4; lastKnownFileType = sourcecode.c.h; path = hash.h; sourceTree = "<group>"; };
		371ED49C24A2F9B800CBE2B5 /* mathematics.h */ = {isa = PBXFileReference; fileEncoding = 4; lastKnownFileType = sourcecode.c.h; path = mathematics.h; sourceTree = "<group>"; };
		371ED49D24A2F9B800CBE2B5 /* intreadwrite.h */ = {isa = PBXFileReference; fileEncoding = 4; lastKnownFileType = sourcecode.c.h; path = intreadwrite.h; sourceTree = "<group>"; };
		371ED49E24A2F9B800CBE2B5 /* avstring.h */ = {isa = PBXFileReference; fileEncoding = 4; lastKnownFileType = sourcecode.c.h; path = avstring.h; sourceTree = "<group>"; };
		371ED4A024A2F9B800CBE2B5 /* version.h */ = {isa = PBXFileReference; fileEncoding = 4; lastKnownFileType = sourcecode.c.h; path = version.h; sourceTree = "<group>"; };
		371ED4A124A2F9B800CBE2B5 /* avdevice.h */ = {isa = PBXFileReference; fileEncoding = 4; lastKnownFileType = sourcecode.c.h; path = avdevice.h; sourceTree = "<group>"; };
		371ED4A324A2F9B800CBE2B5 /* version.h */ = {isa = PBXFileReference; fileEncoding = 4; lastKnownFileType = sourcecode.c.h; path = version.h; sourceTree = "<group>"; };
		371ED4A424A2F9B800CBE2B5 /* avio.h */ = {isa = PBXFileReference; fileEncoding = 4; lastKnownFileType = sourcecode.c.h; path = avio.h; sourceTree = "<group>"; };
		371ED4A524A2F9B800CBE2B5 /* avformat.h */ = {isa = PBXFileReference; fileEncoding = 4; lastKnownFileType = sourcecode.c.h; path = avformat.h; sourceTree = "<group>"; };
		371ED4A724A2F9B800CBE2B5 /* version.h */ = {isa = PBXFileReference; fileEncoding = 4; lastKnownFileType = sourcecode.c.h; path = version.h; sourceTree = "<group>"; };
		371ED4A824A2F9B800CBE2B5 /* swscale.h */ = {isa = PBXFileReference; fileEncoding = 4; lastKnownFileType = sourcecode.c.h; path = swscale.h; sourceTree = "<group>"; };
		371ED4AA24A2F9B800CBE2B5 /* adts_parser.h */ = {isa = PBXFileReference; fileEncoding = 4; lastKnownFileType = sourcecode.c.h; path = adts_parser.h; sourceTree = "<group>"; };
		371ED4AB24A2F9B800CBE2B5 /* avcodec.h */ = {isa = PBXFileReference; fileEncoding = 4; lastKnownFileType = sourcecode.c.h; path = avcodec.h; sourceTree = "<group>"; };
		371ED4AC24A2F9B800CBE2B5 /* version.h */ = {isa = PBXFileReference; fileEncoding = 4; lastKnownFileType = sourcecode.c.h; path = version.h; sourceTree = "<group>"; };
		371ED4AD24A2F9B800CBE2B5 /* vdpau.h */ = {isa = PBXFileReference; fileEncoding = 4; lastKnownFileType = sourcecode.c.h; path = vdpau.h; sourceTree = "<group>"; };
		371ED4AE24A2F9B800CBE2B5 /* qsv.h */ = {isa = PBXFileReference; fileEncoding = 4; lastKnownFileType = sourcecode.c.h; path = qsv.h; sourceTree = "<group>"; };
		371ED4AF24A2F9B800CBE2B5 /* vaapi.h */ = {isa = PBXFileReference; fileEncoding = 4; lastKnownFileType = sourcecode.c.h; path = vaapi.h; sourceTree = "<group>"; };
		371ED4B024A2F9B800CBE2B5 /* videotoolbox.h */ = {isa = PBXFileReference; fileEncoding = 4; lastKnownFileType = sourcecode.c.h; path = videotoolbox.h; sourceTree = "<group>"; };
		371ED4B124A2F9B800CBE2B5 /* xvmc.h */ = {isa = PBXFileReference; fileEncoding = 4; lastKnownFileType = sourcecode.c.h; path = xvmc.h; sourceTree = "<group>"; };
		371ED4B224A2F9B800CBE2B5 /* mediacodec.h */ = {isa = PBXFileReference; fileEncoding = 4; lastKnownFileType = sourcecode.c.h; path = mediacodec.h; sourceTree = "<group>"; };
		371ED4B324A2F9B800CBE2B5 /* d3d11va.h */ = {isa = PBXFileReference; fileEncoding = 4; lastKnownFileType = sourcecode.c.h; path = d3d11va.h; sourceTree = "<group>"; };
		371ED4B424A2F9B800CBE2B5 /* avfft.h */ = {isa = PBXFileReference; fileEncoding = 4; lastKnownFileType = sourcecode.c.h; path = avfft.h; sourceTree = "<group>"; };
		371ED4B524A2F9B800CBE2B5 /* jni.h */ = {isa = PBXFileReference; fileEncoding = 4; lastKnownFileType = sourcecode.c.h; path = jni.h; sourceTree = "<group>"; };
		371ED4B624A2F9B800CBE2B5 /* dirac.h */ = {isa = PBXFileReference; fileEncoding = 4; lastKnownFileType = sourcecode.c.h; path = dirac.h; sourceTree = "<group>"; };
		371ED4B724A2F9B800CBE2B5 /* avdct.h */ = {isa = PBXFileReference; fileEncoding = 4; lastKnownFileType = sourcecode.c.h; path = avdct.h; sourceTree = "<group>"; };
		371ED4B824A2F9B800CBE2B5 /* ac3_parser.h */ = {isa = PBXFileReference; fileEncoding = 4; lastKnownFileType = sourcecode.c.h; path = ac3_parser.h; sourceTree = "<group>"; };
		371ED4B924A2F9B800CBE2B5 /* vorbis_parser.h */ = {isa = PBXFileReference; fileEncoding = 4; lastKnownFileType = sourcecode.c.h; path = vorbis_parser.h; sourceTree = "<group>"; };
		371ED4BA24A2F9B800CBE2B5 /* dxva2.h */ = {isa = PBXFileReference; fileEncoding = 4; lastKnownFileType = sourcecode.c.h; path = dxva2.h; sourceTree = "<group>"; };
		371ED4BB24A2F9B800CBE2B5 /* dv_profile.h */ = {isa = PBXFileReference; fileEncoding = 4; lastKnownFileType = sourcecode.c.h; path = dv_profile.h; sourceTree = "<group>"; };
		371ED4BD24A2F9B800CBE2B5 /* version.h */ = {isa = PBXFileReference; fileEncoding = 4; lastKnownFileType = sourcecode.c.h; path = version.h; sourceTree = "<group>"; };
		371ED4BE24A2F9B800CBE2B5 /* swresample.h */ = {isa = PBXFileReference; fileEncoding = 4; lastKnownFileType = sourcecode.c.h; path = swresample.h; sourceTree = "<group>"; };
		371ED4C024A2F9B800CBE2B5 /* libavutil.a */ = {isa = PBXFileReference; lastKnownFileType = archive.ar; path = libavutil.a; sourceTree = "<group>"; };
		371ED4C124A2F9B800CBE2B5 /* libavfilter.a */ = {isa = PBXFileReference; lastKnownFileType = archive.ar; path = libavfilter.a; sourceTree = "<group>"; };
		371ED4C224A2F9B800CBE2B5 /* libavcodec.a */ = {isa = PBXFileReference; lastKnownFileType = archive.ar; path = libavcodec.a; sourceTree = "<group>"; };
		371ED4C324A2F9B800CBE2B5 /* libavformat.a */ = {isa = PBXFileReference; lastKnownFileType = archive.ar; path = libavformat.a; sourceTree = "<group>"; };
		371ED4C424A2F9B800CBE2B5 /* libavdevice.a */ = {isa = PBXFileReference; lastKnownFileType = archive.ar; path = libavdevice.a; sourceTree = "<group>"; };
		371ED4C524A2F9B800CBE2B5 /* libswresample.a */ = {isa = PBXFileReference; lastKnownFileType = archive.ar; path = libswresample.a; sourceTree = "<group>"; };
		371ED4C624A2F9B800CBE2B5 /* libswscale.a */ = {isa = PBXFileReference; lastKnownFileType = archive.ar; path = libswscale.a; sourceTree = "<group>"; };
		371ED4CF24A2FAE200CBE2B5 /* CoreMedia.framework */ = {isa = PBXFileReference; lastKnownFileType = wrapper.framework; name = CoreMedia.framework; path = System/Library/Frameworks/CoreMedia.framework; sourceTree = SDKROOT; };
		371ED4D124A2FAFC00CBE2B5 /* VideoToolbox.framework */ = {isa = PBXFileReference; lastKnownFileType = wrapper.framework; name = VideoToolbox.framework; path = System/Library/Frameworks/VideoToolbox.framework; sourceTree = SDKROOT; };
		371ED4D324A2FB0F00CBE2B5 /* CoreGraphics.framework */ = {isa = PBXFileReference; lastKnownFileType = wrapper.framework; name = CoreGraphics.framework; path = System/Library/Frameworks/CoreGraphics.framework; sourceTree = SDKROOT; };
		371ED4D524A2FB3100CBE2B5 /* AudioToolbox.framework */ = {isa = PBXFileReference; lastKnownFileType = wrapper.framework; name = AudioToolbox.framework; path = System/Library/Frameworks/AudioToolbox.framework; sourceTree = SDKROOT; };
		371ED4D724A2FB4200CBE2B5 /* libiconv.tbd */ = {isa = PBXFileReference; lastKnownFileType = "sourcecode.text-based-dylib-definition"; name = libiconv.tbd; path = usr/lib/libiconv.tbd; sourceTree = SDKROOT; };
		371ED4D924A2FB4F00CBE2B5 /* libz.tbd */ = {isa = PBXFileReference; lastKnownFileType = "sourcecode.text-based-dylib-definition"; name = libz.tbd; path = usr/lib/libz.tbd; sourceTree = SDKROOT; };
		371ED4DB24A2FB5A00CBE2B5 /* libbz2.tbd */ = {isa = PBXFileReference; lastKnownFileType = "sourcecode.text-based-dylib-definition"; name = libbz2.tbd; path = usr/lib/libbz2.tbd; sourceTree = SDKROOT; };
		371ED4DE24A2FE7900CBE2B5 /* FFmpegTest.h */ = {isa = PBXFileReference; lastKnownFileType = sourcecode.c.h; path = FFmpegTest.h; sourceTree = "<group>"; };
		371ED4DF24A2FE7900CBE2B5 /* FFmpegTest.m */ = {isa = PBXFileReference; lastKnownFileType = sourcecode.c.objc; path = FFmpegTest.m; sourceTree = "<group>"; };
		371ED4E124A32DDF00CBE2B5 /* Test.mov */ = {isa = PBXFileReference; lastKnownFileType = video.quicktime; path = Test.mov; sourceTree = "<group>"; };
		378C0BB824A8C4250050C0E7 /* x264_config.h */ = {isa = PBXFileReference; fileEncoding = 4; lastKnownFileType = sourcecode.c.h; path = x264_config.h; sourceTree = "<group>"; };
		378C0BB924A8C4250050C0E7 /* x264.h */ = {isa = PBXFileReference; fileEncoding = 4; lastKnownFileType = sourcecode.c.h; path = x264.h; sourceTree = "<group>"; };
		378C0BBC24A8C4250050C0E7 /* x264.pc */ = {isa = PBXFileReference; fileEncoding = 4; lastKnownFileType = text; path = x264.pc; sourceTree = "<group>"; };
		378C0BBD24A8C4250050C0E7 /* libx264.a */ = {isa = PBXFileReference; lastKnownFileType = archive.ar; path = libx264.a; sourceTree = "<group>"; };
		378C0BC024A8C4450050C0E7 /* Test.yuv */ = {isa = PBXFileReference; fileEncoding = 4; lastKnownFileType = text; path = Test.yuv; sourceTree = "<group>"; };
		378C0BC624A8E53C0050C0E7 /* aacdecoder_lib.h */ = {isa = PBXFileReference; fileEncoding = 4; lastKnownFileType = sourcecode.c.h; path = aacdecoder_lib.h; sourceTree = "<group>"; };
		378C0BC724A8E53C0050C0E7 /* machine_type.h */ = {isa = PBXFileReference; fileEncoding = 4; lastKnownFileType = sourcecode.c.h; path = machine_type.h; sourceTree = "<group>"; };
		378C0BC824A8E53C0050C0E7 /* aacenc_lib.h */ = {isa = PBXFileReference; fileEncoding = 4; lastKnownFileType = sourcecode.c.h; path = aacenc_lib.h; sourceTree = "<group>"; };
		378C0BC924A8E53C0050C0E7 /* genericStds.h */ = {isa = PBXFileReference; fileEncoding = 4; lastKnownFileType = sourcecode.c.h; path = genericStds.h; sourceTree = "<group>"; };
		378C0BCA24A8E53C0050C0E7 /* FDK_audio.h */ = {isa = PBXFileReference; fileEncoding = 4; lastKnownFileType = sourcecode.c.h; path = FDK_audio.h; sourceTree = "<group>"; };
		378C0BCD24A8E53C0050C0E7 /* fdk-aac.pc */ = {isa = PBXFileReference; fileEncoding = 4; lastKnownFileType = text; path = "fdk-aac.pc"; sourceTree = "<group>"; };
		378C0BCE24A8E53C0050C0E7 /* libfdk-aac.a */ = {isa = PBXFileReference; lastKnownFileType = archive.ar; path = "libfdk-aac.a"; sourceTree = "<group>"; };
		378C0BCF24A8E53C0050C0E7 /* libfdk-aac.la */ = {isa = PBXFileReference; fileEncoding = 4; lastKnownFileType = text; path = "libfdk-aac.la"; sourceTree = "<group>"; };
		37A6618C24A6ED33003D6D65 /* Video.bundle */ = {isa = PBXFileReference; lastKnownFileType = "wrapper.plug-in"; path = Video.bundle; sourceTree = "<group>"; };
/* End PBXFileReference section */

/* Begin PBXFrameworksBuildPhase section */
		371ED40924A2F6DF00CBE2B5 /* Frameworks */ = {
			isa = PBXFrameworksBuildPhase;
			buildActionMask = 2147483647;
			files = (
				371ED4DC24A2FB5A00CBE2B5 /* libbz2.tbd in Frameworks */,
				371ED4DA24A2FB4F00CBE2B5 /* libz.tbd in Frameworks */,
				378C0BBF24A8C4250050C0E7 /* libx264.a in Frameworks */,
				371ED4D824A2FB4200CBE2B5 /* libiconv.tbd in Frameworks */,
				371ED4D624A2FB3100CBE2B5 /* AudioToolbox.framework in Frameworks */,
				371ED4D424A2FB0F00CBE2B5 /* CoreGraphics.framework in Frameworks */,
				371ED4D224A2FAFC00CBE2B5 /* VideoToolbox.framework in Frameworks */,
				371ED4D024A2FAE200CBE2B5 /* CoreMedia.framework in Frameworks */,
				371ED4CB24A2F9B900CBE2B5 /* libavdevice.a in Frameworks */,
				378C0BD124A8E53C0050C0E7 /* libfdk-aac.a in Frameworks */,
				371ED4CD24A2F9B900CBE2B5 /* libswscale.a in Frameworks */,
				371ED4C824A2F9B900CBE2B5 /* libavfilter.a in Frameworks */,
				371ED4C724A2F9B800CBE2B5 /* libavutil.a in Frameworks */,
				371ED4C924A2F9B900CBE2B5 /* libavcodec.a in Frameworks */,
				371ED4CC24A2F9B900CBE2B5 /* libswresample.a in Frameworks */,
				371ED4CA24A2F9B900CBE2B5 /* libavformat.a in Frameworks */,
			);
			runOnlyForDeploymentPostprocessing = 0;
		};
		371ED42424A2F6E100CBE2B5 /* Frameworks */ = {
			isa = PBXFrameworksBuildPhase;
			buildActionMask = 2147483647;
			files = (
			);
			runOnlyForDeploymentPostprocessing = 0;
		};
		371ED42F24A2F6E100CBE2B5 /* Frameworks */ = {
			isa = PBXFrameworksBuildPhase;
			buildActionMask = 2147483647;
			files = (
			);
			runOnlyForDeploymentPostprocessing = 0;
		};
/* End PBXFrameworksBuildPhase section */

/* Begin PBXGroup section */
		371ED40324A2F6DE00CBE2B5 = {
			isa = PBXGroup;
			children = (
				371ED40E24A2F6DF00CBE2B5 /* FFmpegTestDemo */,
				371ED42A24A2F6E100CBE2B5 /* FFmpegTestDemoTests */,
				371ED43524A2F6E200CBE2B5 /* FFmpegTestDemoUITests */,
				371ED40D24A2F6DF00CBE2B5 /* Products */,
				371ED4CE24A2FAE200CBE2B5 /* Frameworks */,
			);
			sourceTree = "<group>";
		};
		371ED40D24A2F6DF00CBE2B5 /* Products */ = {
			isa = PBXGroup;
			children = (
				371ED40C24A2F6DF00CBE2B5 /* FFmpegTestDemo.app */,
				371ED42724A2F6E100CBE2B5 /* FFmpegTestDemoTests.xctest */,
				371ED43224A2F6E200CBE2B5 /* FFmpegTestDemoUITests.xctest */,
			);
			name = Products;
			sourceTree = "<group>";
		};
		371ED40E24A2F6DF00CBE2B5 /* FFmpegTestDemo */ = {
			isa = PBXGroup;
			children = (
				371ED4DD24A2FE5D00CBE2B5 /* Test */,
				371ED44424A2F8B500CBE2B5 /* FFmpeg */,
				378C0BB624A8C4250050C0E7 /* x264 */,
				378C0BC224A8E53C0050C0E7 /* fdkaac */,
				371ED40F24A2F6DF00CBE2B5 /* AppDelegate.h */,
				371ED41024A2F6DF00CBE2B5 /* AppDelegate.m */,
				371ED41224A2F6DF00CBE2B5 /* SceneDelegate.h */,
				371ED41324A2F6DF00CBE2B5 /* SceneDelegate.m */,
				371ED41524A2F6DF00CBE2B5 /* ViewController.h */,
				371ED41624A2F6DF00CBE2B5 /* ViewController.m */,
				371ED41824A2F6DF00CBE2B5 /* Main.storyboard */,
				371ED41B24A2F6E100CBE2B5 /* Assets.xcassets */,
				371ED41D24A2F6E100CBE2B5 /* LaunchScreen.storyboard */,
				371ED42024A2F6E100CBE2B5 /* Info.plist */,
				371ED42124A2F6E100CBE2B5 /* main.m */,
			);
			path = FFmpegTestDemo;
			sourceTree = "<group>";
		};
		371ED42A24A2F6E100CBE2B5 /* FFmpegTestDemoTests */ = {
			isa = PBXGroup;
			children = (
				371ED42B24A2F6E100CBE2B5 /* FFmpegTestDemoTests.m */,
				371ED42D24A2F6E100CBE2B5 /* Info.plist */,
			);
			path = FFmpegTestDemoTests;
			sourceTree = "<group>";
		};
		371ED43524A2F6E200CBE2B5 /* FFmpegTestDemoUITests */ = {
			isa = PBXGroup;
			children = (
				371ED43624A2F6E200CBE2B5 /* FFmpegTestDemoUITests.m */,
				371ED43824A2F6E200CBE2B5 /* Info.plist */,
			);
			path = FFmpegTestDemoUITests;
			sourceTree = "<group>";
		};
		371ED44424A2F8B500CBE2B5 /* FFmpeg */ = {
			isa = PBXGroup;
			children = (
				371ED44524A2F9B800CBE2B5 /* arm64 */,
			);
			path = FFmpeg;
			sourceTree = "<group>";
		};
		371ED44524A2F9B800CBE2B5 /* arm64 */ = {
			isa = PBXGroup;
			children = (
				371ED44624A2F9B800CBE2B5 /* include */,
				371ED4BF24A2F9B800CBE2B5 /* lib */,
			);
			path = arm64;
			sourceTree = "<group>";
		};
		371ED44624A2F9B800CBE2B5 /* include */ = {
			isa = PBXGroup;
			children = (
				371ED44724A2F9B800CBE2B5 /* libavfilter */,
				371ED44C24A2F9B800CBE2B5 /* libavutil */,
				371ED49F24A2F9B800CBE2B5 /* libavdevice */,
				371ED4A224A2F9B800CBE2B5 /* libavformat */,
				371ED4A624A2F9B800CBE2B5 /* libswscale */,
				371ED4A924A2F9B800CBE2B5 /* libavcodec */,
				371ED4BC24A2F9B800CBE2B5 /* libswresample */,
			);
			path = include;
			sourceTree = "<group>";
		};
		371ED44724A2F9B800CBE2B5 /* libavfilter */ = {
			isa = PBXGroup;
			children = (
				371ED44824A2F9B800CBE2B5 /* version.h */,
				371ED44924A2F9B800CBE2B5 /* buffersrc.h */,
				371ED44A24A2F9B800CBE2B5 /* buffersink.h */,
				371ED44B24A2F9B800CBE2B5 /* avfilter.h */,
			);
			path = libavfilter;
			sourceTree = "<group>";
		};
		371ED44C24A2F9B800CBE2B5 /* libavutil */ = {
			isa = PBXGroup;
			children = (
				371ED44D24A2F9B800CBE2B5 /* hwcontext.h */,
				371ED44E24A2F9B800CBE2B5 /* time.h */,
				371ED44F24A2F9B800CBE2B5 /* hwcontext_cuda.h */,
				371ED45024A2F9B800CBE2B5 /* intfloat.h */,
				371ED45124A2F9B800CBE2B5 /* error.h */,
				371ED45224A2F9B800CBE2B5 /* fifo.h */,
				371ED45324A2F9B800CBE2B5 /* blowfish.h */,
				371ED45424A2F9B800CBE2B5 /* hwcontext_mediacodec.h */,
				371ED45524A2F9B800CBE2B5 /* replaygain.h */,
				371ED45624A2F9B800CBE2B5 /* version.h */,
				371ED45724A2F9B800CBE2B5 /* murmur3.h */,
				371ED45824A2F9B800CBE2B5 /* stereo3d.h */,
				371ED45924A2F9B800CBE2B5 /* samplefmt.h */,
				371ED45A24A2F9B800CBE2B5 /* pixdesc.h */,
				371ED45B24A2F9B800CBE2B5 /* base64.h */,
				371ED45C24A2F9B800CBE2B5 /* rational.h */,
				371ED45D24A2F9B800CBE2B5 /* sha.h */,
				371ED45E24A2F9B800CBE2B5 /* motion_vector.h */,
				371ED45F24A2F9B800CBE2B5 /* avconfig.h */,
				371ED46024A2F9B800CBE2B5 /* lfg.h */,
				371ED46124A2F9B800CBE2B5 /* avutil.h */,
				371ED46224A2F9B800CBE2B5 /* xtea.h */,
				371ED46324A2F9B800CBE2B5 /* crc.h */,
				371ED46424A2F9B800CBE2B5 /* hwcontext_vdpau.h */,
				371ED46524A2F9B800CBE2B5 /* frame.h */,
				371ED46624A2F9B800CBE2B5 /* file.h */,
				371ED46724A2F9B800CBE2B5 /* md5.h */,
				371ED46824A2F9B800CBE2B5 /* cast5.h */,
				371ED46924A2F9B800CBE2B5 /* hwcontext_vaapi.h */,
				371ED46A24A2F9B800CBE2B5 /* spherical.h */,
				371ED46B24A2F9B800CBE2B5 /* ffversion.h */,
				371ED46C24A2F9B800CBE2B5 /* audio_fifo.h */,
				371ED46D24A2F9B800CBE2B5 /* tree.h */,
				371ED46E24A2F9B800CBE2B5 /* threadmessage.h */,
				371ED46F24A2F9B800CBE2B5 /* attributes.h */,
				371ED47024A2F9B800CBE2B5 /* adler32.h */,
				371ED47124A2F9B800CBE2B5 /* hwcontext_d3d11va.h */,
				371ED47224A2F9B800CBE2B5 /* timecode.h */,
				371ED47324A2F9B800CBE2B5 /* tx.h */,
				371ED47424A2F9B800CBE2B5 /* sha512.h */,
				371ED47524A2F9B800CBE2B5 /* hwcontext_dxva2.h */,
				371ED47624A2F9B800CBE2B5 /* display.h */,
				371ED47724A2F9B800CBE2B5 /* buffer.h */,
				371ED47824A2F9B800CBE2B5 /* camellia.h */,
				371ED47924A2F9B800CBE2B5 /* pixelutils.h */,
				371ED47A24A2F9B800CBE2B5 /* hwcontext_drm.h */,
				371ED47B24A2F9B800CBE2B5 /* common.h */,
				371ED47C24A2F9B800CBE2B5 /* hmac.h */,
				371ED47D24A2F9B800CBE2B5 /* eval.h */,
				371ED47E24A2F9B800CBE2B5 /* dict.h */,
				371ED47F24A2F9B800CBE2B5 /* random_seed.h */,
				371ED48024A2F9B800CBE2B5 /* opt.h */,
				371ED48124A2F9B800CBE2B5 /* mastering_display_metadata.h */,
				371ED48224A2F9B800CBE2B5 /* log.h */,
				371ED48324A2F9B800CBE2B5 /* aes.h */,
				371ED48424A2F9B800CBE2B5 /* macros.h */,
				371ED48524A2F9B800CBE2B5 /* bswap.h */,
				371ED48624A2F9B800CBE2B5 /* rc4.h */,
				371ED48724A2F9B800CBE2B5 /* tea.h */,
				371ED48824A2F9B800CBE2B5 /* cpu.h */,
				371ED48924A2F9B800CBE2B5 /* lzo.h */,
				371ED48A24A2F9B800CBE2B5 /* des.h */,
				371ED48B24A2F9B800CBE2B5 /* channel_layout.h */,
				371ED48C24A2F9B800CBE2B5 /* encryption_info.h */,
				371ED48D24A2F9B800CBE2B5 /* twofish.h */,
				371ED48E24A2F9B800CBE2B5 /* imgutils.h */,
				371ED48F24A2F9B800CBE2B5 /* hwcontext_videotoolbox.h */,
				371ED49024A2F9B800CBE2B5 /* mem.h */,
				371ED49124A2F9B800CBE2B5 /* parseutils.h */,
				371ED49224A2F9B800CBE2B5 /* ripemd.h */,
				371ED49324A2F9B800CBE2B5 /* bprint.h */,
				371ED49424A2F9B800CBE2B5 /* hdr_dynamic_metadata.h */,
				371ED49524A2F9B800CBE2B5 /* hwcontext_qsv.h */,
				371ED49624A2F9B800CBE2B5 /* pixfmt.h */,
				371ED49724A2F9B800CBE2B5 /* aes_ctr.h */,
				371ED49824A2F9B800CBE2B5 /* timestamp.h */,
				371ED49924A2F9B800CBE2B5 /* downmix_info.h */,
				371ED49A24A2F9B800CBE2B5 /* avassert.h */,
				371ED49B24A2F9B800CBE2B5 /* hash.h */,
				371ED49C24A2F9B800CBE2B5 /* mathematics.h */,
				371ED49D24A2F9B800CBE2B5 /* intreadwrite.h */,
				371ED49E24A2F9B800CBE2B5 /* avstring.h */,
			);
			path = libavutil;
			sourceTree = "<group>";
		};
		371ED49F24A2F9B800CBE2B5 /* libavdevice */ = {
			isa = PBXGroup;
			children = (
				371ED4A024A2F9B800CBE2B5 /* version.h */,
				371ED4A124A2F9B800CBE2B5 /* avdevice.h */,
			);
			path = libavdevice;
			sourceTree = "<group>";
		};
		371ED4A224A2F9B800CBE2B5 /* libavformat */ = {
			isa = PBXGroup;
			children = (
				371ED4A324A2F9B800CBE2B5 /* version.h */,
				371ED4A424A2F9B800CBE2B5 /* avio.h */,
				371ED4A524A2F9B800CBE2B5 /* avformat.h */,
			);
			path = libavformat;
			sourceTree = "<group>";
		};
		371ED4A624A2F9B800CBE2B5 /* libswscale */ = {
			isa = PBXGroup;
			children = (
				371ED4A724A2F9B800CBE2B5 /* version.h */,
				371ED4A824A2F9B800CBE2B5 /* swscale.h */,
			);
			path = libswscale;
			sourceTree = "<group>";
		};
		371ED4A924A2F9B800CBE2B5 /* libavcodec */ = {
			isa = PBXGroup;
			children = (
				371ED4AA24A2F9B800CBE2B5 /* adts_parser.h */,
				371ED4AB24A2F9B800CBE2B5 /* avcodec.h */,
				371ED4AC24A2F9B800CBE2B5 /* version.h */,
				371ED4AD24A2F9B800CBE2B5 /* vdpau.h */,
				371ED4AE24A2F9B800CBE2B5 /* qsv.h */,
				371ED4AF24A2F9B800CBE2B5 /* vaapi.h */,
				371ED4B024A2F9B800CBE2B5 /* videotoolbox.h */,
				371ED4B124A2F9B800CBE2B5 /* xvmc.h */,
				371ED4B224A2F9B800CBE2B5 /* mediacodec.h */,
				371ED4B324A2F9B800CBE2B5 /* d3d11va.h */,
				371ED4B424A2F9B800CBE2B5 /* avfft.h */,
				371ED4B524A2F9B800CBE2B5 /* jni.h */,
				371ED4B624A2F9B800CBE2B5 /* dirac.h */,
				371ED4B724A2F9B800CBE2B5 /* avdct.h */,
				371ED4B824A2F9B800CBE2B5 /* ac3_parser.h */,
				371ED4B924A2F9B800CBE2B5 /* vorbis_parser.h */,
				371ED4BA24A2F9B800CBE2B5 /* dxva2.h */,
				371ED4BB24A2F9B800CBE2B5 /* dv_profile.h */,
			);
			path = libavcodec;
			sourceTree = "<group>";
		};
		371ED4BC24A2F9B800CBE2B5 /* libswresample */ = {
			isa = PBXGroup;
			children = (
				371ED4BD24A2F9B800CBE2B5 /* version.h */,
				371ED4BE24A2F9B800CBE2B5 /* swresample.h */,
			);
			path = libswresample;
			sourceTree = "<group>";
		};
		371ED4BF24A2F9B800CBE2B5 /* lib */ = {
			isa = PBXGroup;
			children = (
				371ED4C024A2F9B800CBE2B5 /* libavutil.a */,
				371ED4C124A2F9B800CBE2B5 /* libavfilter.a */,
				371ED4C224A2F9B800CBE2B5 /* libavcodec.a */,
				371ED4C324A2F9B800CBE2B5 /* libavformat.a */,
				371ED4C424A2F9B800CBE2B5 /* libavdevice.a */,
				371ED4C524A2F9B800CBE2B5 /* libswresample.a */,
				371ED4C624A2F9B800CBE2B5 /* libswscale.a */,
			);
			path = lib;
			sourceTree = "<group>";
		};
		371ED4CE24A2FAE200CBE2B5 /* Frameworks */ = {
			isa = PBXGroup;
			children = (
				371ED4DB24A2FB5A00CBE2B5 /* libbz2.tbd */,
				371ED4D924A2FB4F00CBE2B5 /* libz.tbd */,
				371ED4D724A2FB4200CBE2B5 /* libiconv.tbd */,
				371ED4D524A2FB3100CBE2B5 /* AudioToolbox.framework */,
				371ED4D324A2FB0F00CBE2B5 /* CoreGraphics.framework */,
				371ED4D124A2FAFC00CBE2B5 /* VideoToolbox.framework */,
				371ED4CF24A2FAE200CBE2B5 /* CoreMedia.framework */,
			);
			name = Frameworks;
			sourceTree = "<group>";
		};
		371ED4DD24A2FE5D00CBE2B5 /* Test */ = {
			isa = PBXGroup;
			children = (
				37A6618C24A6ED33003D6D65 /* Video.bundle */,
				371ED4E124A32DDF00CBE2B5 /* Test.mov */,
				378C0BC024A8C4450050C0E7 /* Test.yuv */,
				371ED4DE24A2FE7900CBE2B5 /* FFmpegTest.h */,
				371ED4DF24A2FE7900CBE2B5 /* FFmpegTest.m */,
			);
			path = Test;
			sourceTree = "<group>";
		};
		378C0BB624A8C4250050C0E7 /* x264 */ = {
			isa = PBXGroup;
			children = (
				378C0BB724A8C4250050C0E7 /* include */,
				378C0BBA24A8C4250050C0E7 /* lib */,
			);
			path = x264;
			sourceTree = "<group>";
		};
		378C0BB724A8C4250050C0E7 /* include */ = {
			isa = PBXGroup;
			children = (
				378C0BB824A8C4250050C0E7 /* x264_config.h */,
				378C0BB924A8C4250050C0E7 /* x264.h */,
			);
			path = include;
			sourceTree = "<group>";
		};
		378C0BBA24A8C4250050C0E7 /* lib */ = {
			isa = PBXGroup;
			children = (
				378C0BBB24A8C4250050C0E7 /* pkgconfig */,
				378C0BBD24A8C4250050C0E7 /* libx264.a */,
			);
			path = lib;
			sourceTree = "<group>";
		};
		378C0BBB24A8C4250050C0E7 /* pkgconfig */ = {
			isa = PBXGroup;
			children = (
				378C0BBC24A8C4250050C0E7 /* x264.pc */,
			);
			path = pkgconfig;
			sourceTree = "<group>";
		};
		378C0BC224A8E53C0050C0E7 /* fdkaac */ = {
			isa = PBXGroup;
			children = (
				378C0BC324A8E53C0050C0E7 /* arm64 */,
			);
			path = fdkaac;
			sourceTree = "<group>";
		};
		378C0BC324A8E53C0050C0E7 /* arm64 */ = {
			isa = PBXGroup;
			children = (
				378C0BC424A8E53C0050C0E7 /* include */,
				378C0BCB24A8E53C0050C0E7 /* lib */,
			);
			path = arm64;
			sourceTree = "<group>";
		};
		378C0BC424A8E53C0050C0E7 /* include */ = {
			isa = PBXGroup;
			children = (
				378C0BC524A8E53C0050C0E7 /* fdk-aac */,
			);
			path = include;
			sourceTree = "<group>";
		};
		378C0BC524A8E53C0050C0E7 /* fdk-aac */ = {
			isa = PBXGroup;
			children = (
				378C0BC624A8E53C0050C0E7 /* aacdecoder_lib.h */,
				378C0BC724A8E53C0050C0E7 /* machine_type.h */,
				378C0BC824A8E53C0050C0E7 /* aacenc_lib.h */,
				378C0BC924A8E53C0050C0E7 /* genericStds.h */,
				378C0BCA24A8E53C0050C0E7 /* FDK_audio.h */,
			);
			path = "fdk-aac";
			sourceTree = "<group>";
		};
		378C0BCB24A8E53C0050C0E7 /* lib */ = {
			isa = PBXGroup;
			children = (
				378C0BCC24A8E53C0050C0E7 /* pkgconfig */,
				378C0BCE24A8E53C0050C0E7 /* libfdk-aac.a */,
				378C0BCF24A8E53C0050C0E7 /* libfdk-aac.la */,
			);
			path = lib;
			sourceTree = "<group>";
		};
		378C0BCC24A8E53C0050C0E7 /* pkgconfig */ = {
			isa = PBXGroup;
			children = (
				378C0BCD24A8E53C0050C0E7 /* fdk-aac.pc */,
			);
			path = pkgconfig;
			sourceTree = "<group>";
		};
/* End PBXGroup section */

/* Begin PBXNativeTarget section */
		371ED40B24A2F6DF00CBE2B5 /* FFmpegTestDemo */ = {
			isa = PBXNativeTarget;
			buildConfigurationList = 371ED43B24A2F6E200CBE2B5 /* Build configuration list for PBXNativeTarget "FFmpegTestDemo" */;
			buildPhases = (
				371ED40824A2F6DF00CBE2B5 /* Sources */,
				371ED40924A2F6DF00CBE2B5 /* Frameworks */,
				371ED40A24A2F6DF00CBE2B5 /* Resources */,
			);
			buildRules = (
			);
			dependencies = (
			);
			name = FFmpegTestDemo;
			productName = FFmpegTestDemo;
			productReference = 371ED40C24A2F6DF00CBE2B5 /* FFmpegTestDemo.app */;
			productType = "com.apple.product-type.application";
		};
		371ED42624A2F6E100CBE2B5 /* FFmpegTestDemoTests */ = {
			isa = PBXNativeTarget;
			buildConfigurationList = 371ED43E24A2F6E200CBE2B5 /* Build configuration list for PBXNativeTarget "FFmpegTestDemoTests" */;
			buildPhases = (
				371ED42324A2F6E100CBE2B5 /* Sources */,
				371ED42424A2F6E100CBE2B5 /* Frameworks */,
				371ED42524A2F6E100CBE2B5 /* Resources */,
			);
			buildRules = (
			);
			dependencies = (
				371ED42924A2F6E100CBE2B5 /* PBXTargetDependency */,
			);
			name = FFmpegTestDemoTests;
			productName = FFmpegTestDemoTests;
			productReference = 371ED42724A2F6E100CBE2B5 /* FFmpegTestDemoTests.xctest */;
			productType = "com.apple.product-type.bundle.unit-test";
		};
		371ED43124A2F6E100CBE2B5 /* FFmpegTestDemoUITests */ = {
			isa = PBXNativeTarget;
			buildConfigurationList = 371ED44124A2F6E200CBE2B5 /* Build configuration list for PBXNativeTarget "FFmpegTestDemoUITests" */;
			buildPhases = (
				371ED42E24A2F6E100CBE2B5 /* Sources */,
				371ED42F24A2F6E100CBE2B5 /* Frameworks */,
				371ED43024A2F6E100CBE2B5 /* Resources */,
			);
			buildRules = (
			);
			dependencies = (
				371ED43424A2F6E200CBE2B5 /* PBXTargetDependency */,
			);
			name = FFmpegTestDemoUITests;
			productName = FFmpegTestDemoUITests;
			productReference = 371ED43224A2F6E200CBE2B5 /* FFmpegTestDemoUITests.xctest */;
			productType = "com.apple.product-type.bundle.ui-testing";
		};
/* End PBXNativeTarget section */

/* Begin PBXProject section */
		371ED40424A2F6DF00CBE2B5 /* Project object */ = {
			isa = PBXProject;
			attributes = {
				LastUpgradeCheck = 1150;
				ORGANIZATIONNAME = Brilliance;
				TargetAttributes = {
					371ED40B24A2F6DF00CBE2B5 = {
						CreatedOnToolsVersion = 11.5;
					};
					371ED42624A2F6E100CBE2B5 = {
						CreatedOnToolsVersion = 11.5;
						TestTargetID = 371ED40B24A2F6DF00CBE2B5;
					};
					371ED43124A2F6E100CBE2B5 = {
						CreatedOnToolsVersion = 11.5;
						TestTargetID = 371ED40B24A2F6DF00CBE2B5;
					};
				};
			};
			buildConfigurationList = 371ED40724A2F6DF00CBE2B5 /* Build configuration list for PBXProject "FFmpegTestDemo" */;
			compatibilityVersion = "Xcode 9.3";
			developmentRegion = en;
			hasScannedForEncodings = 0;
			knownRegions = (
				en,
				Base,
			);
			mainGroup = 371ED40324A2F6DE00CBE2B5;
			productRefGroup = 371ED40D24A2F6DF00CBE2B5 /* Products */;
			projectDirPath = "";
			projectRoot = "";
			targets = (
				371ED40B24A2F6DF00CBE2B5 /* FFmpegTestDemo */,
				371ED42624A2F6E100CBE2B5 /* FFmpegTestDemoTests */,
				371ED43124A2F6E100CBE2B5 /* FFmpegTestDemoUITests */,
			);
		};
/* End PBXProject section */

/* Begin PBXResourcesBuildPhase section */
		371ED40A24A2F6DF00CBE2B5 /* Resources */ = {
			isa = PBXResourcesBuildPhase;
			buildActionMask = 2147483647;
			files = (
				378C0BBE24A8C4250050C0E7 /* x264.pc in Resources */,
				371ED4E224A32DDF00CBE2B5 /* Test.mov in Resources */,
				378C0BD024A8E53C0050C0E7 /* fdk-aac.pc in Resources */,
				378C0BD224A8E53C0050C0E7 /* libfdk-aac.la in Resources */,
				378C0BC124A8C4460050C0E7 /* Test.yuv in Resources */,
				371ED41F24A2F6E100CBE2B5 /* LaunchScreen.storyboard in Resources */,
				371ED41C24A2F6E100CBE2B5 /* Assets.xcassets in Resources */,
				37A6618D24A6ED33003D6D65 /* Video.bundle in Resources */,
				371ED41A24A2F6DF00CBE2B5 /* Main.storyboard in Resources */,
			);
			runOnlyForDeploymentPostprocessing = 0;
		};
		371ED42524A2F6E100CBE2B5 /* Resources */ = {
			isa = PBXResourcesBuildPhase;
			buildActionMask = 2147483647;
			files = (
			);
			runOnlyForDeploymentPostprocessing = 0;
		};
		371ED43024A2F6E100CBE2B5 /* Resources */ = {
			isa = PBXResourcesBuildPhase;
			buildActionMask = 2147483647;
			files = (
			);
			runOnlyForDeploymentPostprocessing = 0;
		};
/* End PBXResourcesBuildPhase section */

/* Begin PBXSourcesBuildPhase section */
		371ED40824A2F6DF00CBE2B5 /* Sources */ = {
			isa = PBXSourcesBuildPhase;
			buildActionMask = 2147483647;
			files = (
				371ED41724A2F6DF00CBE2B5 /* ViewController.m in Sources */,
				371ED41124A2F6DF00CBE2B5 /* AppDelegate.m in Sources */,
				371ED42224A2F6E100CBE2B5 /* main.m in Sources */,
				371ED4E024A2FE7900CBE2B5 /* FFmpegTest.m in Sources */,
				371ED41424A2F6DF00CBE2B5 /* SceneDelegate.m in Sources */,
			);
			runOnlyForDeploymentPostprocessing = 0;
		};
		371ED42324A2F6E100CBE2B5 /* Sources */ = {
			isa = PBXSourcesBuildPhase;
			buildActionMask = 2147483647;
			files = (
				371ED42C24A2F6E100CBE2B5 /* FFmpegTestDemoTests.m in Sources */,
			);
			runOnlyForDeploymentPostprocessing = 0;
		};
		371ED42E24A2F6E100CBE2B5 /* Sources */ = {
			isa = PBXSourcesBuildPhase;
			buildActionMask = 2147483647;
			files = (
				371ED43724A2F6E200CBE2B5 /* FFmpegTestDemoUITests.m in Sources */,
			);
			runOnlyForDeploymentPostprocessing = 0;
		};
/* End PBXSourcesBuildPhase section */

/* Begin PBXTargetDependency section */
		371ED42924A2F6E100CBE2B5 /* PBXTargetDependency */ = {
			isa = PBXTargetDependency;
			target = 371ED40B24A2F6DF00CBE2B5 /* FFmpegTestDemo */;
			targetProxy = 371ED42824A2F6E100CBE2B5 /* PBXContainerItemProxy */;
		};
		371ED43424A2F6E200CBE2B5 /* PBXTargetDependency */ = {
			isa = PBXTargetDependency;
			target = 371ED40B24A2F6DF00CBE2B5 /* FFmpegTestDemo */;
			targetProxy = 371ED43324A2F6E200CBE2B5 /* PBXContainerItemProxy */;
		};
/* End PBXTargetDependency section */

/* Begin PBXVariantGroup section */
		371ED41824A2F6DF00CBE2B5 /* Main.storyboard */ = {
			isa = PBXVariantGroup;
			children = (
				371ED41924A2F6DF00CBE2B5 /* Base */,
			);
			name = Main.storyboard;
			sourceTree = "<group>";
		};
		371ED41D24A2F6E100CBE2B5 /* LaunchScreen.storyboard */ = {
			isa = PBXVariantGroup;
			children = (
				371ED41E24A2F6E100CBE2B5 /* Base */,
			);
			name = LaunchScreen.storyboard;
			sourceTree = "<group>";
		};
/* End PBXVariantGroup section */

/* Begin XCBuildConfiguration section */
		371ED43924A2F6E200CBE2B5 /* Debug */ = {
			isa = XCBuildConfiguration;
			buildSettings = {
				ALWAYS_SEARCH_USER_PATHS = NO;
				CLANG_ANALYZER_NONNULL = YES;
				CLANG_ANALYZER_NUMBER_OBJECT_CONVERSION = YES_AGGRESSIVE;
				CLANG_CXX_LANGUAGE_STANDARD = "gnu++14";
				CLANG_CXX_LIBRARY = "libc++";
				CLANG_ENABLE_MODULES = YES;
				CLANG_ENABLE_OBJC_ARC = YES;
				CLANG_ENABLE_OBJC_WEAK = YES;
				CLANG_WARN_BLOCK_CAPTURE_AUTORELEASING = YES;
				CLANG_WARN_BOOL_CONVERSION = YES;
				CLANG_WARN_COMMA = YES;
				CLANG_WARN_CONSTANT_CONVERSION = YES;
				CLANG_WARN_DEPRECATED_OBJC_IMPLEMENTATIONS = YES;
				CLANG_WARN_DIRECT_OBJC_ISA_USAGE = YES_ERROR;
				CLANG_WARN_DOCUMENTATION_COMMENTS = YES;
				CLANG_WARN_EMPTY_BODY = YES;
				CLANG_WARN_ENUM_CONVERSION = YES;
				CLANG_WARN_INFINITE_RECURSION = YES;
				CLANG_WARN_INT_CONVERSION = YES;
				CLANG_WARN_NON_LITERAL_NULL_CONVERSION = YES;
				CLANG_WARN_OBJC_IMPLICIT_RETAIN_SELF = YES;
				CLANG_WARN_OBJC_LITERAL_CONVERSION = YES;
				CLANG_WARN_OBJC_ROOT_CLASS = YES_ERROR;
				CLANG_WARN_RANGE_LOOP_ANALYSIS = YES;
				CLANG_WARN_STRICT_PROTOTYPES = YES;
				CLANG_WARN_SUSPICIOUS_MOVE = YES;
				CLANG_WARN_UNGUARDED_AVAILABILITY = YES_AGGRESSIVE;
				CLANG_WARN_UNREACHABLE_CODE = YES;
				CLANG_WARN__DUPLICATE_METHOD_MATCH = YES;
				COPY_PHASE_STRIP = NO;
				DEBUG_INFORMATION_FORMAT = dwarf;
				ENABLE_STRICT_OBJC_MSGSEND = YES;
				ENABLE_TESTABILITY = YES;
				GCC_C_LANGUAGE_STANDARD = gnu11;
				GCC_DYNAMIC_NO_PIC = NO;
				GCC_NO_COMMON_BLOCKS = YES;
				GCC_OPTIMIZATION_LEVEL = 0;
				GCC_PREPROCESSOR_DEFINITIONS = (
					"DEBUG=1",
					"$(inherited)",
				);
				GCC_WARN_64_TO_32_BIT_CONVERSION = YES;
				GCC_WARN_ABOUT_RETURN_TYPE = YES_ERROR;
				GCC_WARN_UNDECLARED_SELECTOR = YES;
				GCC_WARN_UNINITIALIZED_AUTOS = YES_AGGRESSIVE;
				GCC_WARN_UNUSED_FUNCTION = YES;
				GCC_WARN_UNUSED_VARIABLE = YES;
				IPHONEOS_DEPLOYMENT_TARGET = 13.5;
				MTL_ENABLE_DEBUG_INFO = INCLUDE_SOURCE;
				MTL_FAST_MATH = YES;
				ONLY_ACTIVE_ARCH = YES;
				SDKROOT = iphoneos;
			};
			name = Debug;
		};
		371ED43A24A2F6E200CBE2B5 /* Release */ = {
			isa = XCBuildConfiguration;
			buildSettings = {
				ALWAYS_SEARCH_USER_PATHS = NO;
				CLANG_ANALYZER_NONNULL = YES;
				CLANG_ANALYZER_NUMBER_OBJECT_CONVERSION = YES_AGGRESSIVE;
				CLANG_CXX_LANGUAGE_STANDARD = "gnu++14";
				CLANG_CXX_LIBRARY = "libc++";
				CLANG_ENABLE_MODULES = YES;
				CLANG_ENABLE_OBJC_ARC = YES;
				CLANG_ENABLE_OBJC_WEAK = YES;
				CLANG_WARN_BLOCK_CAPTURE_AUTORELEASING = YES;
				CLANG_WARN_BOOL_CONVERSION = YES;
				CLANG_WARN_COMMA = YES;
				CLANG_WARN_CONSTANT_CONVERSION = YES;
				CLANG_WARN_DEPRECATED_OBJC_IMPLEMENTATIONS = YES;
				CLANG_WARN_DIRECT_OBJC_ISA_USAGE = YES_ERROR;
				CLANG_WARN_DOCUMENTATION_COMMENTS = YES;
				CLANG_WARN_EMPTY_BODY = YES;
				CLANG_WARN_ENUM_CONVERSION = YES;
				CLANG_WARN_INFINITE_RECURSION = YES;
				CLANG_WARN_INT_CONVERSION = YES;
				CLANG_WARN_NON_LITERAL_NULL_CONVERSION = YES;
				CLANG_WARN_OBJC_IMPLICIT_RETAIN_SELF = YES;
				CLANG_WARN_OBJC_LITERAL_CONVERSION = YES;
				CLANG_WARN_OBJC_ROOT_CLASS = YES_ERROR;
				CLANG_WARN_RANGE_LOOP_ANALYSIS = YES;
				CLANG_WARN_STRICT_PROTOTYPES = YES;
				CLANG_WARN_SUSPICIOUS_MOVE = YES;
				CLANG_WARN_UNGUARDED_AVAILABILITY = YES_AGGRESSIVE;
				CLANG_WARN_UNREACHABLE_CODE = YES;
				CLANG_WARN__DUPLICATE_METHOD_MATCH = YES;
				COPY_PHASE_STRIP = NO;
				DEBUG_INFORMATION_FORMAT = "dwarf-with-dsym";
				ENABLE_NS_ASSERTIONS = NO;
				ENABLE_STRICT_OBJC_MSGSEND = YES;
				GCC_C_LANGUAGE_STANDARD = gnu11;
				GCC_NO_COMMON_BLOCKS = YES;
				GCC_WARN_64_TO_32_BIT_CONVERSION = YES;
				GCC_WARN_ABOUT_RETURN_TYPE = YES_ERROR;
				GCC_WARN_UNDECLARED_SELECTOR = YES;
				GCC_WARN_UNINITIALIZED_AUTOS = YES_AGGRESSIVE;
				GCC_WARN_UNUSED_FUNCTION = YES;
				GCC_WARN_UNUSED_VARIABLE = YES;
				IPHONEOS_DEPLOYMENT_TARGET = 13.5;
				MTL_ENABLE_DEBUG_INFO = NO;
				MTL_FAST_MATH = YES;
				SDKROOT = iphoneos;
				VALIDATE_PRODUCT = YES;
			};
			name = Release;
		};
		371ED43C24A2F6E200CBE2B5 /* Debug */ = {
			isa = XCBuildConfiguration;
			buildSettings = {
				ASSETCATALOG_COMPILER_APPICON_NAME = AppIcon;
				CODE_SIGN_STYLE = Automatic;
				DEVELOPMENT_TEAM = S7679K347T;
				HEADER_SEARCH_PATHS = (
					"$(PROJECT_DIR)/FFmpegTestDemo/FFmpeg/arm64/include",
					"$(PROJECT_DIR)/FFmpegTestDemo/x264/include",
					"$(PROJECT_DIR)/FFmpegTestDemo/fdkaac/arm64/include",
				);
				INFOPLIST_FILE = FFmpegTestDemo/Info.plist;
				IPHONEOS_DEPLOYMENT_TARGET = 9.0;
				LD_RUNPATH_SEARCH_PATHS = (
					"$(inherited)",
					"@executable_path/Frameworks",
				);
				LIBRARY_SEARCH_PATHS = (
					"$(inherited)",
					"$(PROJECT_DIR)/FFmpegTestDemo/FFmpeg/arm64/lib",
					"$(PROJECT_DIR)/FFmpegTestDemo/x264/lib",
					"$(PROJECT_DIR)/FFmpegTestDemo/fdkaac/arm64/lib",
				);
				PRODUCT_BUNDLE_IDENTIFIER = com.Brilliance.FFmpegTestDemo;
				PRODUCT_NAME = "$(TARGET_NAME)";
				TARGETED_DEVICE_FAMILY = "1,2";
			};
			name = Debug;
		};
		371ED43D24A2F6E200CBE2B5 /* Release */ = {
			isa = XCBuildConfiguration;
			buildSettings = {
				ASSETCATALOG_COMPILER_APPICON_NAME = AppIcon;
				CODE_SIGN_STYLE = Automatic;
				DEVELOPMENT_TEAM = S7679K347T;
				HEADER_SEARCH_PATHS = (
					"$(PROJECT_DIR)/FFmpegTestDemo/FFmpeg/arm64/include",
					"$(PROJECT_DIR)/FFmpegTestDemo/x264/include",
					"$(PROJECT_DIR)/FFmpegTestDemo/fdkaac/arm64/include",
				);
				INFOPLIST_FILE = FFmpegTestDemo/Info.plist;
				IPHONEOS_DEPLOYMENT_TARGET = 9.0;
				LD_RUNPATH_SEARCH_PATHS = (
					"$(inherited)",
					"@executable_path/Frameworks",
				);
				LIBRARY_SEARCH_PATHS = (
					"$(inherited)",
					"$(PROJECT_DIR)/FFmpegTestDemo/FFmpeg/arm64/lib",
					"$(PROJECT_DIR)/FFmpegTestDemo/x264/lib",
					"$(PROJECT_DIR)/FFmpegTestDemo/fdkaac/arm64/lib",
				);
				PRODUCT_BUNDLE_IDENTIFIER = com.Brilliance.FFmpegTestDemo;
				PRODUCT_NAME = "$(TARGET_NAME)";
				TARGETED_DEVICE_FAMILY = "1,2";
			};
			name = Release;
		};
		371ED43F24A2F6E200CBE2B5 /* Debug */ = {
			isa = XCBuildConfiguration;
			buildSettings = {
				BUNDLE_LOADER = "$(TEST_HOST)";
				CODE_SIGN_STYLE = Automatic;
				DEVELOPMENT_TEAM = S7679K347T;
				INFOPLIST_FILE = FFmpegTestDemoTests/Info.plist;
				IPHONEOS_DEPLOYMENT_TARGET = 13.5;
				LD_RUNPATH_SEARCH_PATHS = (
					"$(inherited)",
					"@executable_path/Frameworks",
					"@loader_path/Frameworks",
				);
				PRODUCT_BUNDLE_IDENTIFIER = com.Brilliance.FFmpegTestDemoTests;
				PRODUCT_NAME = "$(TARGET_NAME)";
				TARGETED_DEVICE_FAMILY = "1,2";
				TEST_HOST = "$(BUILT_PRODUCTS_DIR)/FFmpegTestDemo.app/FFmpegTestDemo";
			};
			name = Debug;
		};
		371ED44024A2F6E200CBE2B5 /* Release */ = {
			isa = XCBuildConfiguration;
			buildSettings = {
				BUNDLE_LOADER = "$(TEST_HOST)";
				CODE_SIGN_STYLE = Automatic;
				DEVELOPMENT_TEAM = S7679K347T;
				INFOPLIST_FILE = FFmpegTestDemoTests/Info.plist;
				IPHONEOS_DEPLOYMENT_TARGET = 13.5;
				LD_RUNPATH_SEARCH_PATHS = (
					"$(inherited)",
					"@executable_path/Frameworks",
					"@loader_path/Frameworks",
				);
				PRODUCT_BUNDLE_IDENTIFIER = com.Brilliance.FFmpegTestDemoTests;
				PRODUCT_NAME = "$(TARGET_NAME)";
				TARGETED_DEVICE_FAMILY = "1,2";
				TEST_HOST = "$(BUILT_PRODUCTS_DIR)/FFmpegTestDemo.app/FFmpegTestDemo";
			};
			name = Release;
		};
		371ED44224A2F6E200CBE2B5 /* Debug */ = {
			isa = XCBuildConfiguration;
			buildSettings = {
				CODE_SIGN_STYLE = Automatic;
				DEVELOPMENT_TEAM = S7679K347T;
				INFOPLIST_FILE = FFmpegTestDemoUITests/Info.plist;
				LD_RUNPATH_SEARCH_PATHS = (
					"$(inherited)",
					"@executable_path/Frameworks",
					"@loader_path/Frameworks",
				);
				PRODUCT_BUNDLE_IDENTIFIER = com.Brilliance.FFmpegTestDemoUITests;
				PRODUCT_NAME = "$(TARGET_NAME)";
				TARGETED_DEVICE_FAMILY = "1,2";
				TEST_TARGET_NAME = FFmpegTestDemo;
			};
			name = Debug;
		};
		371ED44324A2F6E200CBE2B5 /* Release */ = {
			isa = XCBuildConfiguration;
			buildSettings = {
				CODE_SIGN_STYLE = Automatic;
				DEVELOPMENT_TEAM = S7679K347T;
				INFOPLIST_FILE = FFmpegTestDemoUITests/Info.plist;
				LD_RUNPATH_SEARCH_PATHS = (
					"$(inherited)",
					"@executable_path/Frameworks",
					"@loader_path/Frameworks",
				);
				PRODUCT_BUNDLE_IDENTIFIER = com.Brilliance.FFmpegTestDemoUITests;
				PRODUCT_NAME = "$(TARGET_NAME)";
				TARGETED_DEVICE_FAMILY = "1,2";
				TEST_TARGET_NAME = FFmpegTestDemo;
			};
			name = Release;
		};
/* End XCBuildConfiguration section */

/* Begin XCConfigurationList section */
		371ED40724A2F6DF00CBE2B5 /* Build configuration list for PBXProject "FFmpegTestDemo" */ = {
			isa = XCConfigurationList;
			buildConfigurations = (
				371ED43924A2F6E200CBE2B5 /* Debug */,
				371ED43A24A2F6E200CBE2B5 /* Release */,
			);
			defaultConfigurationIsVisible = 0;
			defaultConfigurationName = Release;
		};
		371ED43B24A2F6E200CBE2B5 /* Build configuration list for PBXNativeTarget "FFmpegTestDemo" */ = {
			isa = XCConfigurationList;
			buildConfigurations = (
				371ED43C24A2F6E200CBE2B5 /* Debug */,
				371ED43D24A2F6E200CBE2B5 /* Release */,
			);
			defaultConfigurationIsVisible = 0;
			defaultConfigurationName = Release;
		};
		371ED43E24A2F6E200CBE2B5 /* Build configuration list for PBXNativeTarget "FFmpegTestDemoTests" */ = {
			isa = XCConfigurationList;
			buildConfigurations = (
				371ED43F24A2F6E200CBE2B5 /* Debug */,
				371ED44024A2F6E200CBE2B5 /* Release */,
			);
			defaultConfigurationIsVisible = 0;
			defaultConfigurationName = Release;
		};
		371ED44124A2F6E200CBE2B5 /* Build configuration list for PBXNativeTarget "FFmpegTestDemoUITests" */ = {
			isa = XCConfigurationList;
			buildConfigurations = (
				371ED44224A2F6E200CBE2B5 /* Debug */,
				371ED44324A2F6E200CBE2B5 /* Release */,
			);
			defaultConfigurationIsVisible = 0;
			defaultConfigurationName = Release;
		};
/* End XCConfigurationList section */
	};
	rootObject = 371ED40424A2F6DF00CBE2B5 /* Project object */;
}
